
Microsoft Visual Studio Solution File, Format Version 12.00
# Visual Studio 15
Project("{FAE04EC0-301F-11D3-BF4B-00C04F79EFBC}") = "Assembly-CSharp", "Assembly-CSharp.csproj", "{3B9A09CB-6035-67DB-7607-147D0D996714}"
EndProject
Project("{FAE04EC0-301F-11D3-BF4B-00C04F79EFBC}") = "Assembly-CSharp-Editor", "Assembly-CSharp-Editor.csproj", "{A343015F-0609-1967-F300-AD878C9C6128}"
EndProject
Global
	GlobalSection(SolutionConfigurationPlatforms) = preSolution
		Debug|Any CPU = Debug|Any CPU
		Release|Any CPU = Release|Any CPU
	EndGlobalSection
	GlobalSection(ProjectConfigurationPlatforms) = postSolution
		{3B9A09CB-6035-67DB-7607-147D0D996714}.Debug|Any CPU.ActiveCfg = Debug|Any CPU
		{3B9A09CB-6035-67DB-7607-147D0D996714}.Debug|Any CPU.Build.0 = Debug|Any CPU
		{3B9A09CB-6035-67DB-7607-147D0D996714}.Release|Any CPU.ActiveCfg = Release|Any CPU
		{3B9A09CB-6035-67DB-7607-147D0D996714}.Release|Any CPU.Build.0 = Release|Any CPU
		{A343015F-0609-1967-F300-AD878C9C6128}.Debug|Any CPU.ActiveCfg = Debug|Any CPU
		{A343015F-0609-1967-F300-AD878C9C6128}.Debug|Any CPU.Build.0 = Debug|Any CPU
		{A343015F-0609-1967-F300-AD878C9C6128}.Release|Any CPU.ActiveCfg = Release|Any CPU
		{A343015F-0609-1967-F300-AD878C9C6128}.Release|Any CPU.Build.0 = Release|Any CPU
	EndGlobalSection
	GlobalSection(SolutionProperties) = preSolution
		HideSolutionNode = FALSE
	EndGlobalSection
EndGlobal
